schema_version: "1.0"
status: frozen_cpu_t09
python: 3.8.10
cuda_required: false
environment_guard: PYTHONNOUSERSITE=1
packages:
  torch: {version: 2.4.1+cpu, record_sha256: 2069e69fb8d9a64b3acf8858796e67431f47b5604e36315ee6514bb07c3d4eaf}
  gymnasium: {version: 1.0.0, record_sha256: b2ff9b3e927418d3b5848fca5224ae5d6822780405cc35610b3474fa81f68a3e}
  stable-baselines3: {version: 2.4.1, record_sha256: eeda2b49e7ec14dce432a2c0a44c655c51ab9f084df14d470dfc8336a3cc5b7f}
  numpy: {version: 1.24.4, record_sha256: 22a36c42130ce502eefdb8e98ac764c5245ba030848563223050ef3cf6469469}
  pandas: {version: 1.5.3, record_sha256: 0a5a0ce186cccedb69961369d43b814b4d66c70f010e53ea0843dc1addc20032}
  matplotlib: {version: 3.7.5, record_sha256: 8e7dff13655e00bf6f2a4fd908671fb012edb03025c0ef85afa5dd123493965f}
  cloudpickle: {version: 3.1.1, record_sha256: baf164a1e1fb4e0b0606723ab27497bdec46cf19991d5fdf53b18ccf7cd12a33}
  numexpr: {version: 2.8.6, record_sha256: 9dbcdd66472e9313b1937b527a7a86c6182c38d387523860ae2c94cd7eaa87ab}
  Farama-Notifications: {version: 0.0.6, record_sha256: 98df92b17e0e8cd20b05f9ab5c6186b70b6d97f64f256eec3d5a974c3c09ed4f}
  Jinja2: {version: 3.1.3, record_sha256: 49d759a0f19b518f7120d3f6c84e6a83fca6776006df0db43137f270aebe2fa4}
  MarkupSafe: {version: 2.1.5, record_sha256: 87aefb944877937a13e7610a5fc993b2c08f7322a4b970354f46fae85fe7da32}
  sympy: {version: 1.13.3, record_sha256: 0f376d0459b1df817527b63a7eee7bde17d96d980da5c6734239aeebd81d78a3}
forbidden_import_roots:
  - /home/robot/catkin_ws
  - /home/robot/arena_ws
notes:
  - RECORD hashes audit the exact installed wheel contents; thesis-rl-lock.txt freezes all installed versions.
  - The repository-bundled SB3 1.1.0a1 remains third-party source but is not the frozen T09 runtime.
